// !$*UTF8*$!
{
	archiveVersion = 1;
	classes = {
	};
	objectVersion = 46;
	objects = {

/* Begin PBXBuildFile section */
		A16D55841A5E2B8600971DE4 /* ASIAuthenticationDialog.h in Headers */ = {isa = PBXBuildFile; fileRef = A16D552A1A5E2B8600971DE4 /* ASIAuthenticationDialog.h */; };
		A16D55851A5E2B8600971DE4 /* ASIAuthenticationDialog.m in Sources */ = {isa = PBXBuildFile; fileRef = A16D552B1A5E2B8600971DE4 /* ASIAuthenticationDialog.m */; settings = {COMPILER_FLAGS = "-fno-objc-arc"; }; };
		A16D55861A5E2B8600971DE4 /* ASICacheDelegate.h in Headers */ = {isa = PBXBuildFile; fileRef = A16D552C1A5E2B8600971DE4 /* ASICacheDelegate.h */; };
		A16D55871A5E2B8600971DE4 /* ASIDataCompressor.h in Headers */ = {isa = PBXBuildFile; fileRef = A16D552D1A5E2B8600971DE4 /* ASIDataCompressor.h */; };
		A16D55881A5E2B8600971DE4 /* ASIDataCompressor.m in Sources */ = {isa = PBXBuildFile; fileRef = A16D552E1A5E2B8600971DE4 /* ASIDataCompressor.m */; settings = {COMPILER_FLAGS = "-fno-objc-arc"; }; };
		A16D55891A5E2B8600971DE4 /* ASIDataDecompressor.h in Headers */ = {isa = PBXBuildFile; fileRef = A16D552F1A5E2B8600971DE4 /* ASIDataDecompressor.h */; };
		A16D558A1A5E2B8600971DE4 /* ASIDataDecompressor.m in Sources */ = {isa = PBXBuildFile; fileRef = A16D55301A5E2B8600971DE4 /* ASIDataDecompressor.m */; settings = {COMPILER_FLAGS = "-fno-objc-arc"; }; };
		A16D558B1A5E2B8600971DE4 /* ASIDownloadCache.h in Headers */ = {isa = PBXBuildFile; fileRef = A16D55311A5E2B8600971DE4 /* ASIDownloadCache.h */; };
		A16D558C1A5E2B8600971DE4 /* ASIDownloadCache.m in Sources */ = {isa = PBXBuildFile; fileRef = A16D55321A5E2B8600971DE4 /* ASIDownloadCache.m */; settings = {COMPILER_FLAGS = "-fno-objc-arc"; }; };
		A16D558D1A5E2B8600971DE4 /* ASIFormDataRequest.h in Headers */ = {isa = PBXBuildFile; fileRef = A16D55331A5E2B8600971DE4 /* ASIFormDataRequest.h */; };
		A16D558E1A5E2B8600971DE4 /* ASIFormDataRequest.m in Sources */ = {isa = PBXBuildFile; fileRef = A16D55341A5E2B8600971DE4 /* ASIFormDataRequest.m */; settings = {COMPILER_FLAGS = "-fno-objc-arc"; }; };
		A16D558F1A5E2B8600971DE4 /* ASIHTTPRequest.h in Headers */ = {isa = PBXBuildFile; fileRef = A16D55351A5E2B8600971DE4 /* ASIHTTPRequest.h */; };
		A16D55901A5E2B8600971DE4 /* ASIHTTPRequest.m in Sources */ = {isa = PBXBuildFile; fileRef = A16D55361A5E2B8600971DE4 /* ASIHTTPRequest.m */; settings = {COMPILER_FLAGS = "-fno-objc-arc"; }; };
		A16D55911A5E2B8600971DE4 /* ASIHTTPRequestConfig.h in Headers */ = {isa = PBXBuildFile; fileRef = A16D55371A5E2B8600971DE4 /* ASIHTTPRequestConfig.h */; };
		A16D55921A5E2B8600971DE4 /* ASIHTTPRequestDelegate.h in Headers */ = {isa = PBXBuildFile; fileRef = A16D55381A5E2B8600971DE4 /* ASIHTTPRequestDelegate.h */; };
		A16D55931A5E2B8600971DE4 /* ASIInputStream.h in Headers */ = {isa = PBXBuildFile; fileRef = A16D55391A5E2B8600971DE4 /* ASIInputStream.h */; };
		A16D55941A5E2B8600971DE4 /* ASIInputStream.m in Sources */ = {isa = PBXBuildFile; fileRef = A16D553A1A5E2B8600971DE4 /* ASIInputStream.m */; settings = {COMPILER_FLAGS = "-fno-objc-arc"; }; };
		A16D55951A5E2B8600971DE4 /* ASINetworkQueue.h in Headers */ = {isa = PBXBuildFile; fileRef = A16D553B1A5E2B8600971DE4 /* ASINetworkQueue.h */; };
		A16D55961A5E2B8600971DE4 /* ASINetworkQueue.m in Sources */ = {isa = PBXBuildFile; fileRef = A16D553C1A5E2B8600971DE4 /* ASINetworkQueue.m */; settings = {COMPILER_FLAGS = "-fno-objc-arc"; }; };
		A16D55971A5E2B8600971DE4 /* ASIProgressDelegate.h in Headers */ = {isa = PBXBuildFile; fileRef = A16D553D1A5E2B8600971DE4 /* ASIProgressDelegate.h */; };
		A16D55981A5E2B8600971DE4 /* ASIHTTPUtil.h in Headers */ = {isa = PBXBuildFile; fileRef = A16D553E1A5E2B8600971DE4 /* ASIHTTPUtil.h */; };
		A16D55991A5E2B8600971DE4 /* ASIHTTPUtil.m in Sources */ = {isa = PBXBuildFile; fileRef = A16D553F1A5E2B8600971DE4 /* ASIHTTPUtil.m */; settings = {COMPILER_FLAGS = "-fno-objc-arc"; }; };
		A16D559A1A5E2B8600971DE4 /* HostReachabilityUtil.h in Headers */ = {isa = PBXBuildFile; fileRef = A16D55401A5E2B8600971DE4 /* HostReachabilityUtil.h */; };
		A16D559B1A5E2B8600971DE4 /* HostReachabilityUtil.m in Sources */ = {isa = PBXBuildFile; fileRef = A16D55411A5E2B8600971DE4 /* HostReachabilityUtil.m */; };
		A16D559C1A5E2B8600971DE4 /* BasicMethod.h in Headers */ = {isa = PBXBuildFile; fileRef = A16D55441A5E2B8600971DE4 /* BasicMethod.h */; };
		A16D559D1A5E2B8600971DE4 /* BasicMethod.m in Sources */ = {isa = PBXBuildFile; fileRef = A16D55451A5E2B8600971DE4 /* BasicMethod.m */; };
		A16D559E1A5E2B8600971DE4 /* DeleteMethod.h in Headers */ = {isa = PBXBuildFile; fileRef = A16D55461A5E2B8600971DE4 /* DeleteMethod.h */; };
		A16D559F1A5E2B8600971DE4 /* DeleteMethod.m in Sources */ = {isa = PBXBuildFile; fileRef = A16D55471A5E2B8600971DE4 /* DeleteMethod.m */; };
		A16D55A01A5E2B8600971DE4 /* GetMethod.h in Headers */ = {isa = PBXBuildFile; fileRef = A16D55481A5E2B8600971DE4 /* GetMethod.h */; };
		A16D55A11A5E2B8600971DE4 /* GetMethod.m in Sources */ = {isa = PBXBuildFile; fileRef = A16D55491A5E2B8600971DE4 /* GetMethod.m */; };
		A16D55A21A5E2B8600971DE4 /* HttpMethod.h in Headers */ = {isa = PBXBuildFile; fileRef = A16D554A1A5E2B8600971DE4 /* HttpMethod.h */; };
		A16D55A31A5E2B8600971DE4 /* MultipartMethod.h in Headers */ = {isa = PBXBuildFile; fileRef = A16D554B1A5E2B8600971DE4 /* MultipartMethod.h */; };
		A16D55A41A5E2B8600971DE4 /* MultipartMethod.m in Sources */ = {isa = PBXBuildFile; fileRef = A16D554C1A5E2B8600971DE4 /* MultipartMethod.m */; };
		A16D55A51A5E2B8600971DE4 /* PostMethod.h in Headers */ = {isa = PBXBuildFile; fileRef = A16D554D1A5E2B8600971DE4 /* PostMethod.h */; };
		A16D55A61A5E2B8600971DE4 /* PostMethod.m in Sources */ = {isa = PBXBuildFile; fileRef = A16D554E1A5E2B8600971DE4 /* PostMethod.m */; };
		A16D55A71A5E2B8600971DE4 /* PutMethod.h in Headers */ = {isa = PBXBuildFile; fileRef = A16D554F1A5E2B8600971DE4 /* PutMethod.h */; };
		A16D55A81A5E2B8600971DE4 /* PutMethod.m in Sources */ = {isa = PBXBuildFile; fileRef = A16D55501A5E2B8600971DE4 /* PutMethod.m */; };
		A16D55A91A5E2B8600971DE4 /* FilePart.h in Headers */ = {isa = PBXBuildFile; fileRef = A16D55521A5E2B8600971DE4 /* FilePart.h */; };
		A16D55AA1A5E2B8600971DE4 /* FilePart.m in Sources */ = {isa = PBXBuildFile; fileRef = A16D55531A5E2B8600971DE4 /* FilePart.m */; };
		A16D55AB1A5E2B8600971DE4 /* Part.h in Headers */ = {isa = PBXBuildFile; fileRef = A16D55541A5E2B8600971DE4 /* Part.h */; };
		A16D55AC1A5E2B8600971DE4 /* StringPart.h in Headers */ = {isa = PBXBuildFile; fileRef = A16D55551A5E2B8600971DE4 /* StringPart.h */; };
		A16D55AD1A5E2B8600971DE4 /* StringPart.m in Sources */ = {isa = PBXBuildFile; fileRef = A16D55561A5E2B8600971DE4 /* StringPart.m */; };
		A16D55AE1A5E2B8600971DE4 /* Constants.h in Headers */ = {isa = PBXBuildFile; fileRef = A16D55581A5E2B8600971DE4 /* Constants.h */; };
		A16D55AF1A5E2B8600971DE4 /* DelegateMessenger.h in Headers */ = {isa = PBXBuildFile; fileRef = A16D55591A5E2B8600971DE4 /* DelegateMessenger.h */; };
		A16D55B01A5E2B8600971DE4 /* DelegateMessenger.m in Sources */ = {isa = PBXBuildFile; fileRef = A16D555A1A5E2B8600971DE4 /* DelegateMessenger.m */; };
		A16D55B11A5E2B8600971DE4 /* HttpClient.h in Headers */ = {isa = PBXBuildFile; fileRef = A16D555B1A5E2B8600971DE4 /* HttpClient.h */; };
		A16D55B21A5E2B8600971DE4 /* HttpClientDelegate.h in Headers */ = {isa = PBXBuildFile; fileRef = A16D555C1A5E2B8600971DE4 /* HttpClientDelegate.h */; };
		A16D55B31A5E2B8600971DE4 /* HttpClientGzipUtility.h in Headers */ = {isa = PBXBuildFile; fileRef = A16D555D1A5E2B8600971DE4 /* HttpClientGzipUtility.h */; };
		A16D55B41A5E2B8600971DE4 /* HttpClientGzipUtility.m in Sources */ = {isa = PBXBuildFile; fileRef = A16D555E1A5E2B8600971DE4 /* HttpClientGzipUtility.m */; };
		A16D55B51A5E2B8600971DE4 /* HttpResponse.h in Headers */ = {isa = PBXBuildFile; fileRef = A16D555F1A5E2B8600971DE4 /* HttpResponse.h */; };
		A16D55B61A5E2B8600971DE4 /* HttpResponse.m in Sources */ = {isa = PBXBuildFile; fileRef = A16D55601A5E2B8600971DE4 /* HttpResponse.m */; };
		A16D55B71A5E2B8600971DE4 /* IpAddress.c in Sources */ = {isa = PBXBuildFile; fileRef = A16D55621A5E2B8600971DE4 /* IpAddress.c */; };
		A16D55B81A5E2B8600971DE4 /* IpAddress.h in Headers */ = {isa = PBXBuildFile; fileRef = A16D55631A5E2B8600971DE4 /* IpAddress.h */; };
		A16D55B91A5E2B8600971DE4 /* IpAddressHelper.h in Headers */ = {isa = PBXBuildFile; fileRef = A16D55641A5E2B8600971DE4 /* IpAddressHelper.h */; };
		A16D55BA1A5E2B8600971DE4 /* IpAddressHelper.m in Sources */ = {isa = PBXBuildFile; fileRef = A16D55651A5E2B8600971DE4 /* IpAddressHelper.m */; };
		A16D55BB1A5E2B8600971DE4 /* MD5Util.h in Headers */ = {isa = PBXBuildFile; fileRef = A16D55661A5E2B8600971DE4 /* MD5Util.h */; };
		A16D55BC1A5E2B8600971DE4 /* MD5Util.m in Sources */ = {isa = PBXBuildFile; fileRef = A16D55671A5E2B8600971DE4 /* MD5Util.m */; };
		A16D55BD1A5E2B8600971DE4 /* Reachability.h in Headers */ = {isa = PBXBuildFile; fileRef = A16D55691A5E2B8600971DE4 /* Reachability.h */; };
		A16D55BE1A5E2B8600971DE4 /* Reachability.m in Sources */ = {isa = PBXBuildFile; fileRef = A16D556A1A5E2B8600971DE4 /* Reachability.m */; };
		A16D55BF1A5E2B8600971DE4 /* ResourceFileManager.h in Headers */ = {isa = PBXBuildFile; fileRef = A16D556B1A5E2B8600971DE4 /* ResourceFileManager.h */; };
		A16D55C01A5E2B8600971DE4 /* ResourceFileManager.m in Sources */ = {isa = PBXBuildFile; fileRef = A16D556C1A5E2B8600971DE4 /* ResourceFileManager.m */; };
		A16D55C11A5E2B8600971DE4 /* SalamaUtils-Prefix.pch in Headers */ = {isa = PBXBuildFile; fileRef = A16D556D1A5E2B8600971DE4 /* SalamaUtils-Prefix.pch */; };
		A16D55C21A5E2B8600971DE4 /* SalamaUtils.h in Headers */ = {isa = PBXBuildFile; fileRef = A16D556E1A5E2B8600971DE4 /* SalamaUtils.h */; };
		A16D55C31A5E2B8600971DE4 /* SSLog.h in Headers */ = {isa = PBXBuildFile; fileRef = A16D556F1A5E2B8600971DE4 /* SSLog.h */; };
		A16D55C41A5E2B8600971DE4 /* SSLog.m in Sources */ = {isa = PBXBuildFile; fileRef = A16D55701A5E2B8600971DE4 /* SSLog.m */; };
		A16D55C51A5E2B8600971DE4 /* TimeUtil.h in Headers */ = {isa = PBXBuildFile; fileRef = A16D55711A5E2B8600971DE4 /* TimeUtil.h */; };
		A16D55C61A5E2B8600971DE4 /* TimeUtil.m in Sources */ = {isa = PBXBuildFile; fileRef = A16D55721A5E2B8600971DE4 /* TimeUtil.m */; };
		A16D55C71A5E2B8600971DE4 /* URLStringEncoder.h in Headers */ = {isa = PBXBuildFile; fileRef = A16D55731A5E2B8600971DE4 /* URLStringEncoder.h */; };
		A16D55C81A5E2B8600971DE4 /* URLStringEncoder.m in Sources */ = {isa = PBXBuildFile; fileRef = A16D55741A5E2B8600971DE4 /* URLStringEncoder.m */; };
		A16D55C91A5E2B8600971DE4 /* WebServiceUtil.h in Headers */ = {isa = PBXBuildFile; fileRef = A16D55751A5E2B8600971DE4 /* WebServiceUtil.h */; };
		A16D55CA1A5E2B8600971DE4 /* WebServiceUtil.m in Sources */ = {isa = PBXBuildFile; fileRef = A16D55761A5E2B8600971DE4 /* WebServiceUtil.m */; };
		A16D55CB1A5E2B8600971DE4 /* crypt.h in Headers */ = {isa = PBXBuildFile; fileRef = A16D55791A5E2B8600971DE4 /* crypt.h */; };
		A16D55CC1A5E2B8600971DE4 /* ioapi.c in Sources */ = {isa = PBXBuildFile; fileRef = A16D557A1A5E2B8600971DE4 /* ioapi.c */; };
		A16D55CD1A5E2B8600971DE4 /* ioapi.h in Headers */ = {isa = PBXBuildFile; fileRef = A16D557B1A5E2B8600971DE4 /* ioapi.h */; };
		A16D55CE1A5E2B8600971DE4 /* mztools.c in Sources */ = {isa = PBXBuildFile; fileRef = A16D557C1A5E2B8600971DE4 /* mztools.c */; };
		A16D55CF1A5E2B8600971DE4 /* mztools.h in Headers */ = {isa = PBXBuildFile; fileRef = A16D557D1A5E2B8600971DE4 /* mztools.h */; };
		A16D55D01A5E2B8600971DE4 /* unzip.c in Sources */ = {isa = PBXBuildFile; fileRef = A16D557E1A5E2B8600971DE4 /* unzip.c */; };
		A16D55D11A5E2B8600971DE4 /* unzip.h in Headers */ = {isa = PBXBuildFile; fileRef = A16D557F1A5E2B8600971DE4 /* unzip.h */; };
		A16D55D21A5E2B8600971DE4 /* zip.c in Sources */ = {isa = PBXBuildFile; fileRef = A16D55801A5E2B8600971DE4 /* zip.c */; };
		A16D55D31A5E2B8600971DE4 /* zip.h in Headers */ = {isa = PBXBuildFile; fileRef = A16D55811A5E2B8600971DE4 /* zip.h */; };
		A16D55D41A5E2B8600971DE4 /* ZipArchive.h in Headers */ = {isa = PBXBuildFile; fileRef = A16D55821A5E2B8600971DE4 /* ZipArchive.h */; };
		A16D55D51A5E2B8600971DE4 /* ZipArchive.m in Sources */ = {isa = PBXBuildFile; fileRef = A16D55831A5E2B8600971DE4 /* ZipArchive.m */; };
		EE22CFCD15FF324F0037CFAE /* Foundation.framework in Frameworks */ = {isa = PBXBuildFile; fileRef = EE22CFCC15FF324F0037CFAE /* Foundation.framework */; };
/* End PBXBuildFile section */

/* Begin PBXFileReference section */
		A16D552A1A5E2B8600971DE4 /* ASIAuthenticationDialog.h */ = {isa = PBXFileReference; fileEncoding = 4; lastKnownFileType = sourcecode.c.h; path = ASIAuthenticationDialog.h; sourceTree = "<group>"; };
		A16D552B1A5E2B8600971DE4 /* ASIAuthenticationDialog.m */ = {isa = PBXFileReference; fileEncoding = 4; lastKnownFileType = sourcecode.c.objc; path = ASIAuthenticationDialog.m; sourceTree = "<group>"; };
		A16D552C1A5E2B8600971DE4 /* ASICacheDelegate.h */ = {isa = PBXFileReference; fileEncoding = 4; lastKnownFileType = sourcecode.c.h; path = ASICacheDelegate.h; sourceTree = "<group>"; };
		A16D552D1A5E2B8600971DE4 /* ASIDataCompressor.h */ = {isa = PBXFileReference; fileEncoding = 4; lastKnownFileType = sourcecode.c.h; path = ASIDataCompressor.h; sourceTree = "<group>"; };
		A16D552E1A5E2B8600971DE4 /* ASIDataCompressor.m */ = {isa = PBXFileReference; fileEncoding = 4; lastKnownFileType = sourcecode.c.objc; path = ASIDataCompressor.m; sourceTree = "<group>"; };
		A16D552F1A5E2B8600971DE4 /* ASIDataDecompressor.h */ = {isa = PBXFileReference; fileEncoding = 4; lastKnownFileType = sourcecode.c.h; path = ASIDataDecompressor.h; sourceTree = "<group>"; };
		A16D55301A5E2B8600971DE4 /* ASIDataDecompressor.m */ = {isa = PBXFileReference; fileEncoding = 4; lastKnownFileType = sourcecode.c.objc; path = ASIDataDecompressor.m; sourceTree = "<group>"; };
		A16D55311A5E2B8600971DE4 /* ASIDownloadCache.h */ = {isa = PBXFileReference; fileEncoding = 4; lastKnownFileType = sourcecode.c.h; path = ASIDownloadCache.h; sourceTree = "<group>"; };
		A16D55321A5E2B8600971DE4 /* ASIDownloadCache.m */ = {isa = PBXFileReference; fileEncoding = 4; lastKnownFileType = sourcecode.c.objc; path = ASIDownloadCache.m; sourceTree = "<group>"; };
		A16D55331A5E2B8600971DE4 /* ASIFormDataRequest.h */ = {isa = PBXFileReference; fileEncoding = 4; lastKnownFileType = sourcecode.c.h; path = ASIFormDataRequest.h; sourceTree = "<group>"; };
		A16D55341A5E2B8600971DE4 /* ASIFormDataRequest.m */ = {isa = PBXFileReference; fileEncoding = 4; lastKnownFileType = sourcecode.c.objc; path = ASIFormDataRequest.m; sourceTree = "<group>"; };
		A16D55351A5E2B8600971DE4 /* ASIHTTPRequest.h */ = {isa = PBXFileReference; fileEncoding = 4; lastKnownFileType = sourcecode.c.h; path = ASIHTTPRequest.h; sourceTree = "<group>"; };
		A16D55361A5E2B8600971DE4 /* ASIHTTPRequest.m */ = {isa = PBXFileReference; fileEncoding = 4; lastKnownFileType = sourcecode.c.objc; path = ASIHTTPRequest.m; sourceTree = "<group>"; };
		A16D55371A5E2B8600971DE4 /* ASIHTTPRequestConfig.h */ = {isa = PBXFileReference; fileEncoding = 4; lastKnownFileType = sourcecode.c.h; path = ASIHTTPRequestConfig.h; sourceTree = "<group>"; };
		A16D55381A5E2B8600971DE4 /* ASIHTTPRequestDelegate.h */ = {isa = PBXFileReference; fileEncoding = 4; lastKnownFileType = sourcecode.c.h; path = ASIHTTPRequestDelegate.h; sourceTree = "<group>"; };
		A16D55391A5E2B8600971DE4 /* ASIInputStream.h */ = {isa = PBXFileReference; fileEncoding = 4; lastKnownFileType = sourcecode.c.h; path = ASIInputStream.h; sourceTree = "<group>"; };
		A16D553A1A5E2B8600971DE4 /* ASIInputStream.m */ = {isa = PBXFileReference; fileEncoding = 4; lastKnownFileType = sourcecode.c.objc; path = ASIInputStream.m; sourceTree = "<group>"; };
		A16D553B1A5E2B8600971DE4 /* ASINetworkQueue.h */ = {isa = PBXFileReference; fileEncoding = 4; lastKnownFileType = sourcecode.c.h; path = ASINetworkQueue.h; sourceTree = "<group>"; };
		A16D553C1A5E2B8600971DE4 /* ASINetworkQueue.m */ = {isa = PBXFileReference; fileEncoding = 4; lastKnownFileType = sourcecode.c.objc; path = ASINetworkQueue.m; sourceTree = "<group>"; };
		A16D553D1A5E2B8600971DE4 /* ASIProgressDelegate.h */ = {isa = PBXFileReference; fileEncoding = 4; lastKnownFileType = sourcecode.c.h; path = ASIProgressDelegate.h; sourceTree = "<group>"; };
		A16D553E1A5E2B8600971DE4 /* ASIHTTPUtil.h */ = {isa = PBXFileReference; fileEncoding = 4; lastKnownFileType = sourcecode.c.h; path = ASIHTTPUtil.h; sourceTree = "<group>"; };
		A16D553F1A5E2B8600971DE4 /* ASIHTTPUtil.m */ = {isa = PBXFileReference; fileEncoding = 4; lastKnownFileType = sourcecode.c.objc; path = ASIHTTPUtil.m; sourceTree = "<group>"; };
		A16D55401A5E2B8600971DE4 /* HostReachabilityUtil.h */ = {isa = PBXFileReference; fileEncoding = 4; lastKnownFileType = sourcecode.c.h; path = HostReachabilityUtil.h; sourceTree = "<group>"; };
		A16D55411A5E2B8600971DE4 /* HostReachabilityUtil.m */ = {isa = PBXFileReference; fileEncoding = 4; lastKnownFileType = sourcecode.c.objc; path = HostReachabilityUtil.m; sourceTree = "<group>"; };
		A16D55441A5E2B8600971DE4 /* BasicMethod.h */ = {isa = PBXFileReference; fileEncoding = 4; lastKnownFileType = sourcecode.c.h; path = BasicMethod.h; sourceTree = "<group>"; };
		A16D55451A5E2B8600971DE4 /* BasicMethod.m */ = {isa = PBXFileReference; fileEncoding = 4; lastKnownFileType = sourcecode.c.objc; path = BasicMethod.m; sourceTree = "<group>"; };
		A16D55461A5E2B8600971DE4 /* DeleteMethod.h */ = {isa = PBXFileReference; fileEncoding = 4; lastKnownFileType = sourcecode.c.h; path = DeleteMethod.h; sourceTree = "<group>"; };
		A16D55471A5E2B8600971DE4 /* DeleteMethod.m */ = {isa = PBXFileReference; fileEncoding = 4; lastKnownFileType = sourcecode.c.objc; path = DeleteMethod.m; sourceTree = "<group>"; };
		A16D55481A5E2B8600971DE4 /* GetMethod.h */ = {isa = PBXFileReference; fileEncoding = 4; lastKnownFileType = sourcecode.c.h; path = GetMethod.h; sourceTree = "<group>"; };
		A16D55491A5E2B8600971DE4 /* GetMethod.m */ = {isa = PBXFileReference; fileEncoding = 4; lastKnownFileType = sourcecode.c.objc; path = GetMethod.m; sourceTree = "<group>"; };
		A16D554A1A5E2B8600971DE4 /* HttpMethod.h */ = {isa = PBXFileReference; fileEncoding = 4; lastKnownFileType = sourcecode.c.h; path = HttpMethod.h; sourceTree = "<group>"; };
		A16D554B1A5E2B8600971DE4 /* MultipartMethod.h */ = {isa = PBXFileReference; fileEncoding = 4; lastKnownFileType = sourcecode.c.h; path = MultipartMethod.h; sourceTree = "<group>"; };
		A16D554C1A5E2B8600971DE4 /* MultipartMethod.m */ = {isa = PBXFileReference; fileEncoding = 4; lastKnownFileType = sourcecode.c.objc; path = MultipartMethod.m; sourceTree = "<group>"; };
		A16D554D1A5E2B8600971DE4 /* PostMethod.h */ = {isa = PBXFileReference; fileEncoding = 4; lastKnownFileType = sourcecode.c.h; path = PostMethod.h; sourceTree = "<group>"; };
		A16D554E1A5E2B8600971DE4 /* PostMethod.m */ = {isa = PBXFileReference; fileEncoding = 4; lastKnownFileType = sourcecode.c.objc; path = PostMethod.m; sourceTree = "<group>"; };
		A16D554F1A5E2B8600971DE4 /* PutMethod.h */ = {isa = PBXFileReference; fileEncoding = 4; lastKnownFileType = sourcecode.c.h; path = PutMethod.h; sourceTree = "<group>"; };
		A16D55501A5E2B8600971DE4 /* PutMethod.m */ = {isa = PBXFileReference; fileEncoding = 4; lastKnownFileType = sourcecode.c.objc; path = PutMethod.m; sourceTree = "<group>"; };
		A16D55521A5E2B8600971DE4 /* FilePart.h */ = {isa = PBXFileReference; fileEncoding = 4; lastKnownFileType = sourcecode.c.h; path = FilePart.h; sourceTree = "<group>"; };
		A16D55531A5E2B8600971DE4 /* FilePart.m */ = {isa = PBXFileReference; fileEncoding = 4; lastKnownFileType = sourcecode.c.objc; path = FilePart.m; sourceTree = "<group>"; };
		A16D55541A5E2B8600971DE4 /* Part.h */ = {isa = PBXFileReference; fileEncoding = 4; lastKnownFileType = sourcecode.c.h; path = Part.h; sourceTree = "<group>"; };
		A16D55551A5E2B8600971DE4 /* StringPart.h */ = {isa = PBXFileReference; fileEncoding = 4; lastKnownFileType = sourcecode.c.h; path = StringPart.h; sourceTree = "<group>"; };
		A16D55561A5E2B8600971DE4 /* StringPart.m */ = {isa = PBXFileReference; fileEncoding = 4; lastKnownFileType = sourcecode.c.objc; path = StringPart.m; sourceTree = "<group>"; };
		A16D55581A5E2B8600971DE4 /* Constants.h */ = {isa = PBXFileReference; fileEncoding = 4; lastKnownFileType = sourcecode.c.h; path = Constants.h; sourceTree = "<group>"; };
		A16D55591A5E2B8600971DE4 /* DelegateMessenger.h */ = {isa = PBXFileReference; fileEncoding = 4; lastKnownFileType = sourcecode.c.h; path = DelegateMessenger.h; sourceTree = "<group>"; };
		A16D555A1A5E2B8600971DE4 /* DelegateMessenger.m */ = {isa = PBXFileReference; fileEncoding = 4; lastKnownFileType = sourcecode.c.objc; path = DelegateMessenger.m; sourceTree = "<group>"; };
		A16D555B1A5E2B8600971DE4 /* HttpClient.h */ = {isa = PBXFileReference; fileEncoding = 4; lastKnownFileType = sourcecode.c.h; path = HttpClient.h; sourceTree = "<group>"; };
		A16D555C1A5E2B8600971DE4 /* HttpClientDelegate.h */ = {isa = PBXFileReference; fileEncoding = 4; lastKnownFileType = sourcecode.c.h; path = HttpClientDelegate.h; sourceTree = "<group>"; };
		A16D555D1A5E2B8600971DE4 /* HttpClientGzipUtility.h */ = {isa = PBXFileReference; fileEncoding = 4; lastKnownFileType = sourcecode.c.h; path = HttpClientGzipUtility.h; sourceTree = "<group>"; };
		A16D555E1A5E2B8600971DE4 /* HttpClientGzipUtility.m */ = {isa = PBXFileReference; fileEncoding = 4; lastKnownFileType = sourcecode.c.objc; path = HttpClientGzipUtility.m; sourceTree = "<group>"; };
		A16D555F1A5E2B8600971DE4 /* HttpResponse.h */ = {isa = PBXFileReference; fileEncoding = 4; lastKnownFileType = sourcecode.c.h; path = HttpResponse.h; sourceTree = "<group>"; };
		A16D55601A5E2B8600971DE4 /* HttpResponse.m */ = {isa = PBXFileReference; fileEncoding = 4; lastKnownFileType = sourcecode.c.objc; path = HttpResponse.m; sourceTree = "<group>"; };
		A16D55621A5E2B8600971DE4 /* IpAddress.c */ = {isa = PBXFileReference; fileEncoding = 4; lastKnownFileType = sourcecode.c.c; path = IpAddress.c; sourceTree = "<group>"; };
		A16D55631A5E2B8600971DE4 /* IpAddress.h */ = {isa = PBXFileReference; fileEncoding = 4; lastKnownFileType = sourcecode.c.h; path = IpAddress.h; sourceTree = "<group>"; };
		A16D55641A5E2B8600971DE4 /* IpAddressHelper.h */ = {isa = PBXFileReference; fileEncoding = 4; lastKnownFileType = sourcecode.c.h; path = IpAddressHelper.h; sourceTree = "<group>"; };
		A16D55651A5E2B8600971DE4 /* IpAddressHelper.m */ = {isa = PBXFileReference; fileEncoding = 4; lastKnownFileType = sourcecode.c.objc; path = IpAddressHelper.m; sourceTree = "<group>"; };
		A16D55661A5E2B8600971DE4 /* MD5Util.h */ = {isa = PBXFileReference; fileEncoding = 4; lastKnownFileType = sourcecode.c.h; path = MD5Util.h; sourceTree = "<group>"; };
		A16D55671A5E2B8600971DE4 /* MD5Util.m */ = {isa = PBXFileReference; fileEncoding = 4; lastKnownFileType = sourcecode.c.objc; path = MD5Util.m; sourceTree = "<group>"; };
		A16D55691A5E2B8600971DE4 /* Reachability.h */ = {isa = PBXFileReference; fileEncoding = 4; lastKnownFileType = sourcecode.c.h; path = Reachability.h; sourceTree = "<group>"; };
		A16D556A1A5E2B8600971DE4 /* Reachability.m */ = {isa = PBXFileReference; fileEncoding = 4; lastKnownFileType = sourcecode.c.objc; path = Reachability.m; sourceTree = "<group>"; };
		A16D556B1A5E2B8600971DE4 /* ResourceFileManager.h */ = {isa = PBXFileReference; fileEncoding = 4; lastKnownFileType = sourcecode.c.h; path = ResourceFileManager.h; sourceTree = "<group>"; };
		A16D556C1A5E2B8600971DE4 /* ResourceFileManager.m */ = {isa = PBXFileReference; fileEncoding = 4; lastKnownFileType = sourcecode.c.objc; path = ResourceFileManager.m; sourceTree = "<group>"; };
		A16D556D1A5E2B8600971DE4 /* SalamaUtils-Prefix.pch */ = {isa = PBXFileReference; fileEncoding = 4; lastKnownFileType = sourcecode.c.h; path = "SalamaUtils-Prefix.pch"; sourceTree = "<group>"; };
		A16D556E1A5E2B8600971DE4 /* SalamaUtils.h */ = {isa = PBXFileReference; fileEncoding = 4; lastKnownFileType = sourcecode.c.h; path = SalamaUtils.h; sourceTree = "<group>"; };
		A16D556F1A5E2B8600971DE4 /* SSLog.h */ = {isa = PBXFileReference; fileEncoding = 4; lastKnownFileType = sourcecode.c.h; path = SSLog.h; sourceTree = "<group>"; };
		A16D55701A5E2B8600971DE4 /* SSLog.m */ = {isa = PBXFileReference; fileEncoding = 4; lastKnownFileType = sourcecode.c.objc; path = SSLog.m; sourceTree = "<group>"; };
		A16D55711A5E2B8600971DE4 /* TimeUtil.h */ = {isa = PBXFileReference; fileEncoding = 4; lastKnownFileType = sourcecode.c.h; path = TimeUtil.h; sourceTree = "<group>"; };
		A16D55721A5E2B8600971DE4 /* TimeUtil.m */ = {isa = PBXFileReference; fileEncoding = 4; lastKnownFileType = sourcecode.c.objc; path = TimeUtil.m; sourceTree = "<group>"; };
		A16D55731A5E2B8600971DE4 /* URLStringEncoder.h */ = {isa = PBXFileReference; fileEncoding = 4; lastKnownFileType = sourcecode.c.h; path = URLStringEncoder.h; sourceTree = "<group>"; };
		A16D55741A5E2B8600971DE4 /* URLStringEncoder.m */ = {isa = PBXFileReference; fileEncoding = 4; lastKnownFileType = sourcecode.c.objc; path = URLStringEncoder.m; sourceTree = "<group>"; };
		A16D55751A5E2B8600971DE4 /* WebServiceUtil.h */ = {isa = PBXFileReference; fileEncoding = 4; lastKnownFileType = sourcecode.c.h; path = WebServiceUtil.h; sourceTree = "<group>"; };
		A16D55761A5E2B8600971DE4 /* WebServiceUtil.m */ = {isa = PBXFileReference; fileEncoding = 4; lastKnownFileType = sourcecode.c.objc; path = WebServiceUtil.m; sourceTree = "<group>"; };
		A16D55791A5E2B8600971DE4 /* crypt.h */ = {isa = PBXFileReference; fileEncoding = 4; lastKnownFileType = sourcecode.c.h; path = crypt.h; sourceTree = "<group>"; };
		A16D557A1A5E2B8600971DE4 /* ioapi.c */ = {isa = PBXFileReference; fileEncoding = 4; lastKnownFileType = sourcecode.c.c; path = ioapi.c; sourceTree = "<group>"; };
		A16D557B1A5E2B8600971DE4 /* ioapi.h */ = {isa = PBXFileReference; fileEncoding = 4; lastKnownFileType = sourcecode.c.h; path = ioapi.h; sourceTree = "<group>"; };
		A16D557C1A5E2B8600971DE4 /* mztools.c */ = {isa = PBXFileReference; fileEncoding = 4; lastKnownFileType = sourcecode.c.c; path = mztools.c; sourceTree = "<group>"; };
		A16D557D1A5E2B8600971DE4 /* mztools.h */ = {isa = PBXFileReference; fileEncoding = 4; lastKnownFileType = sourcecode.c.h; path = mztools.h; sourceTree = "<group>"; };
		A16D557E1A5E2B8600971DE4 /* unzip.c */ = {isa = PBXFileReference; fileEncoding = 4; lastKnownFileType = sourcecode.c.c; path = unzip.c; sourceTree = "<group>"; };
		A16D557F1A5E2B8600971DE4 /* unzip.h */ = {isa = PBXFileReference; fileEncoding = 4; lastKnownFileType = sourcecode.c.h; path = unzip.h; sourceTree = "<group>"; };
		A16D55801A5E2B8600971DE4 /* zip.c */ = {isa = PBXFileReference; fileEncoding = 4; lastKnownFileType = sourcecode.c.c; path = zip.c; sourceTree = "<group>"; };
		A16D55811A5E2B8600971DE4 /* zip.h */ = {isa = PBXFileReference; fileEncoding = 4; lastKnownFileType = sourcecode.c.h; path = zip.h; sourceTree = "<group>"; };
		A16D55821A5E2B8600971DE4 /* ZipArchive.h */ = {isa = PBXFileReference; fileEncoding = 4; lastKnownFileType = sourcecode.c.h; path = ZipArchive.h; sourceTree = "<group>"; };
		A16D55831A5E2B8600971DE4 /* ZipArchive.m */ = {isa = PBXFileReference; fileEncoding = 4; lastKnownFileType = sourcecode.c.objc; path = ZipArchive.m; sourceTree = "<group>"; };
		EE22CFC915FF324F0037CFAE /* libSalamaUtils.a */ = {isa = PBXFileReference; explicitFileType = archive.ar; includeInIndex = 0; path = libSalamaUtils.a; sourceTree = BUILT_PRODUCTS_DIR; };
		EE22CFCC15FF324F0037CFAE /* Foundation.framework */ = {isa = PBXFileReference; lastKnownFileType = wrapper.framework; name = Foundation.framework; path = System/Library/Frameworks/Foundation.framework; sourceTree = SDKROOT; };
/* End PBXFileReference section */

/* Begin PBXFrameworksBuildPhase section */
		EE22CFC615FF324F0037CFAE /* Frameworks */ = {
			isa = PBXFrameworksBuildPhase;
			buildActionMask = 2147483647;
			files = (
				EE22CFCD15FF324F0037CFAE /* Foundation.framework in Frameworks */,
			);
			runOnlyForDeploymentPostprocessing = 0;
		};
/* End PBXFrameworksBuildPhase section */

/* Begin PBXGroup section */
		A16D55271A5E2B8600971DE4 /* SalamaUtils */ = {
			isa = PBXGroup;
			children = (
				A16D55281A5E2B8600971DE4 /* ASIHTTPRequest */,
				A16D553E1A5E2B8600971DE4 /* ASIHTTPUtil.h */,
				A16D553F1A5E2B8600971DE4 /* ASIHTTPUtil.m */,
				A16D55401A5E2B8600971DE4 /* HostReachabilityUtil.h */,
				A16D55411A5E2B8600971DE4 /* HostReachabilityUtil.m */,
				A16D55421A5E2B8600971DE4 /* httpclient */,
				A16D55611A5E2B8600971DE4 /* IpAddress */,
				A16D55661A5E2B8600971DE4 /* MD5Util.h */,
				A16D55671A5E2B8600971DE4 /* MD5Util.m */,
				A16D55681A5E2B8600971DE4 /* Reachability */,
				A16D556B1A5E2B8600971DE4 /* ResourceFileManager.h */,
				A16D556C1A5E2B8600971DE4 /* ResourceFileManager.m */,
				A16D556D1A5E2B8600971DE4 /* SalamaUtils-Prefix.pch */,
				A16D556E1A5E2B8600971DE4 /* SalamaUtils.h */,
				A16D556F1A5E2B8600971DE4 /* SSLog.h */,
				A16D55701A5E2B8600971DE4 /* SSLog.m */,
				A16D55711A5E2B8600971DE4 /* TimeUtil.h */,
				A16D55721A5E2B8600971DE4 /* TimeUtil.m */,
				A16D55731A5E2B8600971DE4 /* URLStringEncoder.h */,
				A16D55741A5E2B8600971DE4 /* URLStringEncoder.m */,
				A16D55751A5E2B8600971DE4 /* WebServiceUtil.h */,
				A16D55761A5E2B8600971DE4 /* WebServiceUtil.m */,
				A16D55771A5E2B8600971DE4 /* zip */,
			);
			path = SalamaUtils;
			sourceTree = "<group>";
		};
		A16D55281A5E2B8600971DE4 /* ASIHTTPRequest */ = {
			isa = PBXGroup;
			children = (
				A16D55291A5E2B8600971DE4 /* Classes */,
			);
			path = ASIHTTPRequest;
			sourceTree = "<group>";
		};
		A16D55291A5E2B8600971DE4 /* Classes */ = {
			isa = PBXGroup;
			children = (
				A16D552A1A5E2B8600971DE4 /* ASIAuthenticationDialog.h */,
				A16D552B1A5E2B8600971DE4 /* ASIAuthenticationDialog.m */,
				A16D552C1A5E2B8600971DE4 /* ASICacheDelegate.h */,
				A16D552D1A5E2B8600971DE4 /* ASIDataCompressor.h */,
				A16D552E1A5E2B8600971DE4 /* ASIDataCompressor.m */,
				A16D552F1A5E2B8600971DE4 /* ASIDataDecompressor.h */,
				A16D55301A5E2B8600971DE4 /* ASIDataDecompressor.m */,
				A16D55311A5E2B8600971DE4 /* ASIDownloadCache.h */,
				A16D55321A5E2B8600971DE4 /* ASIDownloadCache.m */,
				A16D55331A5E2B8600971DE4 /* ASIFormDataRequest.h */,
				A16D55341A5E2B8600971DE4 /* ASIFormDataRequest.m */,
				A16D55351A5E2B8600971DE4 /* ASIHTTPRequest.h */,
				A16D55361A5E2B8600971DE4 /* ASIHTTPRequest.m */,
				A16D55371A5E2B8600971DE4 /* ASIHTTPRequestConfig.h */,
				A16D55381A5E2B8600971DE4 /* ASIHTTPRequestDelegate.h */,
				A16D55391A5E2B8600971DE4 /* ASIInputStream.h */,
				A16D553A1A5E2B8600971DE4 /* ASIInputStream.m */,
				A16D553B1A5E2B8600971DE4 /* ASINetworkQueue.h */,
				A16D553C1A5E2B8600971DE4 /* ASINetworkQueue.m */,
				A16D553D1A5E2B8600971DE4 /* ASIProgressDelegate.h */,
			);
			path = Classes;
			sourceTree = "<group>";
		};
		A16D55421A5E2B8600971DE4 /* httpclient */ = {
			isa = PBXGroup;
			children = (
				A16D55431A5E2B8600971DE4 /* Methods */,
				A16D55511A5E2B8600971DE4 /* Parts */,
				A16D55571A5E2B8600971DE4 /* Utilities */,
			);
			path = httpclient;
			sourceTree = "<group>";
		};
		A16D55431A5E2B8600971DE4 /* Methods */ = {
			isa = PBXGroup;
			children = (
				A16D55441A5E2B8600971DE4 /* BasicMethod.h */,
				A16D55451A5E2B8600971DE4 /* BasicMethod.m */,
				A16D55461A5E2B8600971DE4 /* DeleteMethod.h */,
				A16D55471A5E2B8600971DE4 /* DeleteMethod.m */,
				A16D55481A5E2B8600971DE4 /* GetMethod.h */,
				A16D55491A5E2B8600971DE4 /* GetMethod.m */,
				A16D554A1A5E2B8600971DE4 /* HttpMethod.h */,
				A16D554B1A5E2B8600971DE4 /* MultipartMethod.h */,
				A16D554C1A5E2B8600971DE4 /* MultipartMethod.m */,
				A16D554D1A5E2B8600971DE4 /* PostMethod.h */,
				A16D554E1A5E2B8600971DE4 /* PostMethod.m */,
				A16D554F1A5E2B8600971DE4 /* PutMethod.h */,
				A16D55501A5E2B8600971DE4 /* PutMethod.m */,
			);
			path = Methods;
			sourceTree = "<group>";
		};
		A16D55511A5E2B8600971DE4 /* Parts */ = {
			isa = PBXGroup;
			children = (
				A16D55521A5E2B8600971DE4 /* FilePart.h */,
				A16D55531A5E2B8600971DE4 /* FilePart.m */,
				A16D55541A5E2B8600971DE4 /* Part.h */,
				A16D55551A5E2B8600971DE4 /* StringPart.h */,
				A16D55561A5E2B8600971DE4 /* StringPart.m */,
			);
			path = Parts;
			sourceTree = "<group>";
		};
		A16D55571A5E2B8600971DE4 /* Utilities */ = {
			isa = PBXGroup;
			children = (
				A16D55581A5E2B8600971DE4 /* Constants.h */,
				A16D55591A5E2B8600971DE4 /* DelegateMessenger.h */,
				A16D555A1A5E2B8600971DE4 /* DelegateMessenger.m */,
				A16D555B1A5E2B8600971DE4 /* HttpClient.h */,
				A16D555C1A5E2B8600971DE4 /* HttpClientDelegate.h */,
				A16D555D1A5E2B8600971DE4 /* HttpClientGzipUtility.h */,
				A16D555E1A5E2B8600971DE4 /* HttpClientGzipUtility.m */,
				A16D555F1A5E2B8600971DE4 /* HttpResponse.h */,
				A16D55601A5E2B8600971DE4 /* HttpResponse.m */,
			);
			path = Utilities;
			sourceTree = "<group>";
		};
		A16D55611A5E2B8600971DE4 /* IpAddress */ = {
			isa = PBXGroup;
			children = (
				A16D55621A5E2B8600971DE4 /* IpAddress.c */,
				A16D55631A5E2B8600971DE4 /* IpAddress.h */,
				A16D55641A5E2B8600971DE4 /* IpAddressHelper.h */,
				A16D55651A5E2B8600971DE4 /* IpAddressHelper.m */,
			);
			path = IpAddress;
			sourceTree = "<group>";
		};
		A16D55681A5E2B8600971DE4 /* Reachability */ = {
			isa = PBXGroup;
			children = (
				A16D55691A5E2B8600971DE4 /* Reachability.h */,
				A16D556A1A5E2B8600971DE4 /* Reachability.m */,
			);
			path = Reachability;
			sourceTree = "<group>";
		};
		A16D55771A5E2B8600971DE4 /* zip */ = {
			isa = PBXGroup;
			children = (
				A16D55781A5E2B8600971DE4 /* minizip */,
				A16D55821A5E2B8600971DE4 /* ZipArchive.h */,
				A16D55831A5E2B8600971DE4 /* ZipArchive.m */,
			);
			path = zip;
			sourceTree = "<group>";
		};
		A16D55781A5E2B8600971DE4 /* minizip */ = {
			isa = PBXGroup;
			children = (
				A16D55791A5E2B8600971DE4 /* crypt.h */,
				A16D557A1A5E2B8600971DE4 /* ioapi.c */,
				A16D557B1A5E2B8600971DE4 /* ioapi.h */,
				A16D557C1A5E2B8600971DE4 /* mztools.c */,
				A16D557D1A5E2B8600971DE4 /* mztools.h */,
				A16D557E1A5E2B8600971DE4 /* unzip.c */,
				A16D557F1A5E2B8600971DE4 /* unzip.h */,
				A16D55801A5E2B8600971DE4 /* zip.c */,
				A16D55811A5E2B8600971DE4 /* zip.h */,
			);
			path = minizip;
			sourceTree = "<group>";
		};
		EE22CFBE15FF324F0037CFAE = {
			isa = PBXGroup;
			children = (
				A16D55271A5E2B8600971DE4 /* SalamaUtils */,
				EE22CFCB15FF324F0037CFAE /* Frameworks */,
				EE22CFCA15FF324F0037CFAE /* Products */,
			);
			sourceTree = "<group>";
		};
		EE22CFCA15FF324F0037CFAE /* Products */ = {
			isa = PBXGroup;
			children = (
				EE22CFC915FF324F0037CFAE /* libSalamaUtils.a */,
			);
			name = Products;
			sourceTree = "<group>";
		};
		EE22CFCB15FF324F0037CFAE /* Frameworks */ = {
			isa = PBXGroup;
			children = (
				EE22CFCC15FF324F0037CFAE /* Foundation.framework */,
			);
			name = Frameworks;
			sourceTree = "<group>";
		};
/* End PBXGroup section */

/* Begin PBXHeadersBuildPhase section */
		EE22CFC715FF324F0037CFAE /* Headers */ = {
			isa = PBXHeadersBuildPhase;
			buildActionMask = 2147483647;
			files = (
				A16D55CD1A5E2B8600971DE4 /* ioapi.h in Headers */,
				A16D55C21A5E2B8600971DE4 /* SalamaUtils.h in Headers */,
				A16D55AC1A5E2B8600971DE4 /* StringPart.h in Headers */,
				A16D55AF1A5E2B8600971DE4 /* DelegateMessenger.h in Headers */,
				A16D55911A5E2B8600971DE4 /* ASIHTTPRequestConfig.h in Headers */,
				A16D55A91A5E2B8600971DE4 /* FilePart.h in Headers */,
				A16D55D11A5E2B8600971DE4 /* unzip.h in Headers */,
				A16D55A71A5E2B8600971DE4 /* PutMethod.h in Headers */,
				A16D55CF1A5E2B8600971DE4 /* mztools.h in Headers */,
				A16D55A31A5E2B8600971DE4 /* MultipartMethod.h in Headers */,
				A16D55B91A5E2B8600971DE4 /* IpAddressHelper.h in Headers */,
				A16D55951A5E2B8600971DE4 /* ASINetworkQueue.h in Headers */,
				A16D55BB1A5E2B8600971DE4 /* MD5Util.h in Headers */,
				A16D55B51A5E2B8600971DE4 /* HttpResponse.h in Headers */,
				A16D55C11A5E2B8600971DE4 /* SalamaUtils-Prefix.pch in Headers */,
				A16D55B31A5E2B8600971DE4 /* HttpClientGzipUtility.h in Headers */,
				A16D55931A5E2B8600971DE4 /* ASIInputStream.h in Headers */,
				A16D558D1A5E2B8600971DE4 /* ASIFormDataRequest.h in Headers */,
				A16D55C31A5E2B8600971DE4 /* SSLog.h in Headers */,
				A16D55C91A5E2B8600971DE4 /* WebServiceUtil.h in Headers */,
				A16D55A51A5E2B8600971DE4 /* PostMethod.h in Headers */,
				A16D55891A5E2B8600971DE4 /* ASIDataDecompressor.h in Headers */,
				A16D55D31A5E2B8600971DE4 /* zip.h in Headers */,
				A16D55B11A5E2B8600971DE4 /* HttpClient.h in Headers */,
				A16D55B21A5E2B8600971DE4 /* HttpClientDelegate.h in Headers */,
				A16D55AE1A5E2B8600971DE4 /* Constants.h in Headers */,
				A16D559A1A5E2B8600971DE4 /* HostReachabilityUtil.h in Headers */,
				A16D55C51A5E2B8600971DE4 /* TimeUtil.h in Headers */,
				A16D55871A5E2B8600971DE4 /* ASIDataCompressor.h in Headers */,
				A16D55BF1A5E2B8600971DE4 /* ResourceFileManager.h in Headers */,
				A16D55D41A5E2B8600971DE4 /* ZipArchive.h in Headers */,
				A16D55A21A5E2B8600971DE4 /* HttpMethod.h in Headers */,
				A16D55C71A5E2B8600971DE4 /* URLStringEncoder.h in Headers */,
				A16D55981A5E2B8600971DE4 /* ASIHTTPUtil.h in Headers */,
				A16D559E1A5E2B8600971DE4 /* DeleteMethod.h in Headers */,
				A16D558F1A5E2B8600971DE4 /* ASIHTTPRequest.h in Headers */,
				A16D558B1A5E2B8600971DE4 /* ASIDownloadCache.h in Headers */,
				A16D55971A5E2B8600971DE4 /* ASIProgressDelegate.h in Headers */,
				A16D55CB1A5E2B8600971DE4 /* crypt.h in Headers */,
				A16D55A01A5E2B8600971DE4 /* GetMethod.h in Headers */,
				A16D559C1A5E2B8600971DE4 /* BasicMethod.h in Headers */,
				A16D55861A5E2B8600971DE4 /* ASICacheDelegate.h in Headers */,
				A16D55921A5E2B8600971DE4 /* ASIHTTPRequestDelegate.h in Headers */,
				A16D55841A5E2B8600971DE4 /* ASIAuthenticationDialog.h in Headers */,
				A16D55BD1A5E2B8600971DE4 /* Reachability.h in Headers */,
				A16D55B81A5E2B8600971DE4 /* IpAddress.h in Headers */,
				A16D55AB1A5E2B8600971DE4 /* Part.h in Headers */,
			);
			runOnlyForDeploymentPostprocessing = 0;
		};
/* End PBXHeadersBuildPhase section */

/* Begin PBXNativeTarget section */
		EE22CFC815FF324F0037CFAE /* SalamaUtils */ = {
			isa = PBXNativeTarget;
			buildConfigurationList = EE22CFD615FF324F0037CFAE /* Build configuration list for PBXNativeTarget "SalamaUtils" */;
			buildPhases = (
				EE22CFC515FF324F0037CFAE /* Sources */,
				EE22CFC615FF324F0037CFAE /* Frameworks */,
				EE22CFC715FF324F0037CFAE /* Headers */,
			);
			buildRules = (
			);
			dependencies = (
			);
			name = SalamaUtils;
			productName = SalamaUtils;
			productReference = EE22CFC915FF324F0037CFAE /* libSalamaUtils.a */;
			productType = "com.apple.product-type.library.static";
		};
/* End PBXNativeTarget section */

/* Begin PBXProject section */
		EE22CFC015FF324F0037CFAE /* Project object */ = {
			isa = PBXProject;
			attributes = {
				LastUpgradeCheck = 0430;
			};
			buildConfigurationList = EE22CFC315FF324F0037CFAE /* Build configuration list for PBXProject "SalamaUtils" */;
			compatibilityVersion = "Xcode 3.2";
			developmentRegion = English;
			hasScannedForEncodings = 0;
			knownRegions = (
				en,
			);
			mainGroup = EE22CFBE15FF324F0037CFAE;
			productRefGroup = EE22CFCA15FF324F0037CFAE /* Products */;
			projectDirPath = "";
			projectRoot = "";
			targets = (
				EE22CFC815FF324F0037CFAE /* SalamaUtils */,
			);
		};
/* End PBXProject section */

/* Begin PBXSourcesBuildPhase section */
		EE22CFC515FF324F0037CFAE /* Sources */ = {
			isa = PBXSourcesBuildPhase;
			buildActionMask = 2147483647;
			files = (
				A16D55CA1A5E2B8600971DE4 /* WebServiceUtil.m in Sources */,
				A16D55A81A5E2B8600971DE4 /* PutMethod.m in Sources */,
				A16D55961A5E2B8600971DE4 /* ASINetworkQueue.m in Sources */,
				A16D55AA1A5E2B8600971DE4 /* FilePart.m in Sources */,
				A16D558E1A5E2B8600971DE4 /* ASIFormDataRequest.m in Sources */,
				A16D55BE1A5E2B8600971DE4 /* Reachability.m in Sources */,
				A16D55991A5E2B8600971DE4 /* ASIHTTPUtil.m in Sources */,
				A16D55C41A5E2B8600971DE4 /* SSLog.m in Sources */,
				A16D55881A5E2B8600971DE4 /* ASIDataCompressor.m in Sources */,
				A16D55851A5E2B8600971DE4 /* ASIAuthenticationDialog.m in Sources */,
				A16D55AD1A5E2B8600971DE4 /* StringPart.m in Sources */,
				A16D55C61A5E2B8600971DE4 /* TimeUtil.m in Sources */,
				A16D55D01A5E2B8600971DE4 /* unzip.c in Sources */,
				A16D55BC1A5E2B8600971DE4 /* MD5Util.m in Sources */,
				A16D559F1A5E2B8600971DE4 /* DeleteMethod.m in Sources */,
				A16D558C1A5E2B8600971DE4 /* ASIDownloadCache.m in Sources */,
				A16D55A41A5E2B8600971DE4 /* MultipartMethod.m in Sources */,
				A16D55B61A5E2B8600971DE4 /* HttpResponse.m in Sources */,
				A16D55CC1A5E2B8600971DE4 /* ioapi.c in Sources */,
				A16D55CE1A5E2B8600971DE4 /* mztools.c in Sources */,
				A16D55B41A5E2B8600971DE4 /* HttpClientGzipUtility.m in Sources */,
				A16D558A1A5E2B8600971DE4 /* ASIDataDecompressor.m in Sources */,
				A16D55C81A5E2B8600971DE4 /* URLStringEncoder.m in Sources */,
				A16D55D21A5E2B8600971DE4 /* zip.c in Sources */,
				A16D55901A5E2B8600971DE4 /* ASIHTTPRequest.m in Sources */,
				A16D55BA1A5E2B8600971DE4 /* IpAddressHelper.m in Sources */,
				A16D55B71A5E2B8600971DE4 /* IpAddress.c in Sources */,
				A16D55B01A5E2B8600971DE4 /* DelegateMessenger.m in Sources */,
				A16D55A61A5E2B8600971DE4 /* PostMethod.m in Sources */,
				A16D55C01A5E2B8600971DE4 /* ResourceFileManager.m in Sources */,
				A16D559B1A5E2B8600971DE4 /* HostReachabilityUtil.m in Sources */,
				A16D55D51A5E2B8600971DE4 /* ZipArchive.m in Sources */,
				A16D55941A5E2B8600971DE4 /* ASIInputStream.m in Sources */,
				A16D55A11A5E2B8600971DE4 /* GetMethod.m in Sources */,
				A16D559D1A5E2B8600971DE4 /* BasicMethod.m in Sources */,
			);
			runOnlyForDeploymentPostprocessing = 0;
		};
/* End PBXSourcesBuildPhase section */

/* Begin XCBuildConfiguration section */
		EE22CFD415FF324F0037CFAE /* Debug */ = {
			isa = XCBuildConfiguration;
			buildSettings = {
				ALWAYS_SEARCH_USER_PATHS = NO;
				ARCHS = "$(ARCHS_STANDARD_32_BIT)";
				CLANG_ENABLE_OBJC_ARC = YES;
				COPY_PHASE_STRIP = NO;
				GCC_C_LANGUAGE_STANDARD = gnu99;
				GCC_DYNAMIC_NO_PIC = NO;
				GCC_OPTIMIZATION_LEVEL = 0;
				GCC_PREPROCESSOR_DEFINITIONS = (
					"DEBUG=1",
					"$(inherited)",
				);
				GCC_SYMBOLS_PRIVATE_EXTERN = NO;
				GCC_VERSION = com.apple.compilers.llvm.clang.1_0;
				GCC_WARN_ABOUT_RETURN_TYPE = YES;
				GCC_WARN_UNINITIALIZED_AUTOS = YES;
				GCC_WARN_UNUSED_VARIABLE = YES;
				IPHONEOS_DEPLOYMENT_TARGET = 4.0;
				SDKROOT = iphoneos;
			};
			name = Debug;
		};
		EE22CFD515FF324F0037CFAE /* Release */ = {
			isa = XCBuildConfiguration;
			buildSettings = {
				ALWAYS_SEARCH_USER_PATHS = NO;
				ARCHS = "$(ARCHS_STANDARD_32_BIT)";
				CLANG_ENABLE_OBJC_ARC = YES;
				COPY_PHASE_STRIP = YES;
				GCC_C_LANGUAGE_STANDARD = gnu99;
				GCC_VERSION = com.apple.compilers.llvm.clang.1_0;
				GCC_WARN_ABOUT_RETURN_TYPE = YES;
				GCC_WARN_UNINITIALIZED_AUTOS = YES;
				GCC_WARN_UNUSED_VARIABLE = YES;
				IPHONEOS_DEPLOYMENT_TARGET = 4.0;
				SDKROOT = iphoneos;
				VALIDATE_PRODUCT = YES;
			};
			name = Release;
		};
		EE22CFD715FF324F0037CFAE /* Debug */ = {
			isa = XCBuildConfiguration;
			buildSettings = {
				ARCHS = "$(ARCHS_STANDARD)";
				DSTROOT = /tmp/SalamaUtils.dst;
				GCC_C_LANGUAGE_STANDARD = "compiler-default";
				GCC_PRECOMPILE_PREFIX_HEADER = YES;
				GCC_PREFIX_HEADER = "SalamaUtils/SalamaUtils-Prefix.pch";
				IPHONEOS_DEPLOYMENT_TARGET = 5.1.1;
				OTHER_LDFLAGS = "-ObjC";
				PRODUCT_NAME = "$(TARGET_NAME)";
				SDKROOT = iphoneos;
				SKIP_INSTALL = YES;
				VALID_ARCHS = "armv7 armv7s arm64";
			};
			name = Debug;
		};
		EE22CFD815FF324F0037CFAE /* Release */ = {
			isa = XCBuildConfiguration;
			buildSettings = {
				ARCHS = "$(ARCHS_STANDARD)";
				DSTROOT = /tmp/SalamaUtils.dst;
				GCC_C_LANGUAGE_STANDARD = "compiler-default";
				GCC_PRECOMPILE_PREFIX_HEADER = YES;
				GCC_PREFIX_HEADER = "SalamaUtils/SalamaUtils-Prefix.pch";
				IPHONEOS_DEPLOYMENT_TARGET = 5.1.1;
				OTHER_LDFLAGS = "-ObjC";
				PRODUCT_NAME = "$(TARGET_NAME)";
				SDKROOT = iphoneos;
				SKIP_INSTALL = YES;
				VALID_ARCHS = "armv7 armv7s arm64";
			};
			name = Release;
		};
/* End XCBuildConfiguration section */

/* Begin XCConfigurationList section */
		EE22CFC315FF324F0037CFAE /* Build configuration list for PBXProject "SalamaUtils" */ = {
			isa = XCConfigurationList;
			buildConfigurations = (
				EE22CFD415FF324F0037CFAE /* Debug */,
				EE22CFD515FF324F0037CFAE /* Release */,
			);
			defaultConfigurationIsVisible = 0;
			defaultConfigurationName = Release;
		};
		EE22CFD615FF324F0037CFAE /* Build configuration list for PBXNativeTarget "SalamaUtils" */ = {
			isa = XCConfigurationList;
			buildConfigurations = (
				EE22CFD715FF324F0037CFAE /* Debug */,
				EE22CFD815FF324F0037CFAE /* Release */,
			);
			defaultConfigurationIsVisible = 0;
			defaultConfigurationName = Release;
		};
/* End XCConfigurationList section */
	};
	rootObject = EE22CFC015FF324F0037CFAE /* Project object */;
}
